
Microsoft Visual Studio Solution File, Format Version 12.00
# Visual Studio Version 17
VisualStudioVersion = 17.4.33205.214
MinimumVisualStudioVersion = 10.0.40219.1
Project("{8BC9CEB8-8B4A-11D0-8D11-00A0C91BC942}") = "Client", "44Engine\44Engine.vcxproj", "{2FA04AC7-6017-43CF-90F2-767289B68C11}"
	ProjectSection(ProjectDependencies) = postProject
		{6DAFA788-499E-4B34-98EC-F4075A483B9E} = {6DAFA788-499E-4B34-98EC-F4075A483B9E}
	EndProjectSection
EndProject
Project("{8BC9CEB8-8B4A-11D0-8D11-00A0C91BC942}") = "Engine_SOURCE", "Engine_SOURCE\Engine_SOURCE.vcxproj", "{6DAFA788-499E-4B34-98EC-F4075A483B9E}"
EndProject
Project("{8BC9CEB8-8B4A-11D0-8D11-00A0C91BC942}") = "SHADER_SOURCE", "SHADER_SOURCE\SHADER_SOURCE.vcxitems", "{92C5D7B0-36D7-452C-8A40-D5288FA3FBE8}"
EndProject
Global
	GlobalSection(SolutionConfigurationPlatforms) = preSolution
		Debug|x64 = Debug|x64
		Debug|x86 = Debug|x86
		Release|x64 = Release|x64
		Release|x86 = Release|x86
	EndGlobalSection
	GlobalSection(ProjectConfigurationPlatforms) = postSolution
		{2FA04AC7-6017-43CF-90F2-767289B68C11}.Debug|x64.ActiveCfg = Debug|x64
		{2FA04AC7-6017-43CF-90F2-767289B68C11}.Debug|x64.Build.0 = Debug|x64
		{2FA04AC7-6017-43CF-90F2-767289B68C11}.Debug|x86.ActiveCfg = Debug|Win32
		{2FA04AC7-6017-43CF-90F2-767289B68C11}.Debug|x86.Build.0 = Debug|Win32
		{2FA04AC7-6017-43CF-90F2-767289B68C11}.Release|x64.ActiveCfg = Release|x64
		{2FA04AC7-6017-43CF-90F2-767289B68C11}.Release|x64.Build.0 = Release|x64
		{2FA04AC7-6017-43CF-90F2-767289B68C11}.Release|x86.ActiveCfg = Release|Win32
		{2FA04AC7-6017-43CF-90F2-767289B68C11}.Release|x86.Build.0 = Release|Win32
		{6DAFA788-499E-4B34-98EC-F4075A483B9E}.Debug|x64.ActiveCfg = Debug|x64
		{6DAFA788-499E-4B34-98EC-F4075A483B9E}.Debug|x64.Build.0 = Debug|x64
		{6DAFA788-499E-4B34-98EC-F4075A483B9E}.Debug|x86.ActiveCfg = Debug|Win32
		{6DAFA788-499E-4B34-98EC-F4075A483B9E}.Debug|x86.Build.0 = Debug|Win32
		{6DAFA788-499E-4B34-98EC-F4075A483B9E}.Release|x64.ActiveCfg = Release|x64
		{6DAFA788-499E-4B34-98EC-F4075A483B9E}.Release|x64.Build.0 = Release|x64
		{6DAFA788-499E-4B34-98EC-F4075A483B9E}.Release|x86.ActiveCfg = Release|Win32
		{6DAFA788-499E-4B34-98EC-F4075A483B9E}.Release|x86.Build.0 = Release|Win32
	EndGlobalSection
	GlobalSection(SolutionProperties) = preSolution
		HideSolutionNode = FALSE
	EndGlobalSection
	GlobalSection(ExtensibilityGlobals) = postSolution
		SolutionGuid = {4E52D4D5-2BDB-4E9F-A410-9F851776CFDC}
	EndGlobalSection
EndGlobal
